
Microsoft Visual Studio Solution File, Format Version 12.00
# Visual Studio Version 17
VisualStudioVersion = 17.2.32616.157
MinimumVisualStudioVersion = 10.0.40219.1
Project("{8BC9CEB8-8B4A-11D0-8D11-00A0C91BC942}") = "Solution", "Solution\Solution.vcxproj", "{A098260C-7463-41EE-B4EB-83FBFDFD8C7E}"
EndProject
Project("{8BC9CEB8-8B4A-11D0-8D11-00A0C91BC942}") = "Variable", "Variable\Variable.vcxproj", "{28F3E3A8-8FFD-4251-AD6D-3A6371BA3557}"
EndProject
Project("{8BC9CEB8-8B4A-11D0-8D11-00A0C91BC942}") = "Printf_Function", "Printf_Function\Printf_Function.vcxproj", "{191926C7-BED8-4786-9C8A-A9190F07BB7B}"
EndProject
Project("{8BC9CEB8-8B4A-11D0-8D11-00A0C91BC942}") = "Bit_Operator", "Bit_Operator\Bit_Operator.vcxproj", "{9B8DB5B0-F4A3-4C6B-9852-EAFB197AA21E}"
EndProject
Project("{8BC9CEB8-8B4A-11D0-8D11-00A0C91BC942}") = "Overflow_Underflow", "Overflow_Underflow\Overflow_Underflow.vcxproj", "{EFFD23A1-DF9A-4CB2-8A47-522C5AC35CBE}"
EndProject
Project("{8BC9CEB8-8B4A-11D0-8D11-00A0C91BC942}") = "Conditional_Statement", "Conditional_Statement\Conditional_Statement.vcxproj", "{8AD554D8-47BE-42BD-B51A-49B179564528}"
EndProject
Project("{8BC9CEB8-8B4A-11D0-8D11-00A0C91BC942}") = "Type_Conversion", "Type_Conversion\Type_Conversion.vcxproj", "{7D310E78-9151-41C6-B8CC-2449A2813505}"
EndProject
Project("{8BC9CEB8-8B4A-11D0-8D11-00A0C91BC942}") = "Imcrement_Operator", "Imcrement_Operator\Imcrement_Operator.vcxproj", "{4E86C1BF-CB7D-440C-A53F-324B94D52C39}"
EndProject
Project("{8BC9CEB8-8B4A-11D0-8D11-00A0C91BC942}") = "For_Statement", "For_Statement\For_Statement.vcxproj", "{720A1F54-6974-4C85-AC15-8D250E86AB8C}"
EndProject
Project("{8BC9CEB8-8B4A-11D0-8D11-00A0C91BC942}") = "Variable_Address", "Variable_Address\Variable_Address.vcxproj", "{AF43AC2B-837D-47F2-A564-DE7FCE60906B}"
EndProject
Project("{8BC9CEB8-8B4A-11D0-8D11-00A0C91BC942}") = "Pointer", "Pointer\Pointer.vcxproj", "{8E3EDA43-7719-4617-AF02-58ABE6ED3DD1}"
EndProject
Project("{8BC9CEB8-8B4A-11D0-8D11-00A0C91BC942}") = "Const_Pointer", "Const_Pointer\Const_Pointer.vcxproj", "{2C8A7E4F-0E5D-4C71-A048-A6677DF32912}"
EndProject
Global
	GlobalSection(SolutionConfigurationPlatforms) = preSolution
		Debug|x64 = Debug|x64
		Debug|x86 = Debug|x86
		Release|x64 = Release|x64
		Release|x86 = Release|x86
	EndGlobalSection
	GlobalSection(ProjectConfigurationPlatforms) = postSolution
		{A098260C-7463-41EE-B4EB-83FBFDFD8C7E}.Debug|x64.ActiveCfg = Debug|x64
		{A098260C-7463-41EE-B4EB-83FBFDFD8C7E}.Debug|x64.Build.0 = Debug|x64
		{A098260C-7463-41EE-B4EB-83FBFDFD8C7E}.Debug|x86.ActiveCfg = Debug|Win32
		{A098260C-7463-41EE-B4EB-83FBFDFD8C7E}.Debug|x86.Build.0 = Debug|Win32
		{A098260C-7463-41EE-B4EB-83FBFDFD8C7E}.Release|x64.ActiveCfg = Release|x64
		{A098260C-7463-41EE-B4EB-83FBFDFD8C7E}.Release|x64.Build.0 = Release|x64
		{A098260C-7463-41EE-B4EB-83FBFDFD8C7E}.Release|x86.ActiveCfg = Release|Win32
		{A098260C-7463-41EE-B4EB-83FBFDFD8C7E}.Release|x86.Build.0 = Release|Win32
		{28F3E3A8-8FFD-4251-AD6D-3A6371BA3557}.Debug|x64.ActiveCfg = Debug|x64
		{28F3E3A8-8FFD-4251-AD6D-3A6371BA3557}.Debug|x64.Build.0 = Debug|x64
		{28F3E3A8-8FFD-4251-AD6D-3A6371BA3557}.Debug|x86.ActiveCfg = Debug|Win32
		{28F3E3A8-8FFD-4251-AD6D-3A6371BA3557}.Debug|x86.Build.0 = Debug|Win32
		{28F3E3A8-8FFD-4251-AD6D-3A6371BA3557}.Release|x64.ActiveCfg = Release|x64
		{28F3E3A8-8FFD-4251-AD6D-3A6371BA3557}.Release|x64.Build.0 = Release|x64
		{28F3E3A8-8FFD-4251-AD6D-3A6371BA3557}.Release|x86.ActiveCfg = Release|Win32
		{28F3E3A8-8FFD-4251-AD6D-3A6371BA3557}.Release|x86.Build.0 = Release|Win32
		{191926C7-BED8-4786-9C8A-A9190F07BB7B}.Debug|x64.ActiveCfg = Debug|x64
		{191926C7-BED8-4786-9C8A-A9190F07BB7B}.Debug|x64.Build.0 = Debug|x64
		{191926C7-BED8-4786-9C8A-A9190F07BB7B}.Debug|x86.ActiveCfg = Debug|Win32
		{191926C7-BED8-4786-9C8A-A9190F07BB7B}.Debug|x86.Build.0 = Debug|Win32
		{191926C7-BED8-4786-9C8A-A9190F07BB7B}.Release|x64.ActiveCfg = Release|x64
		{191926C7-BED8-4786-9C8A-A9190F07BB7B}.Release|x64.Build.0 = Release|x64
		{191926C7-BED8-4786-9C8A-A9190F07BB7B}.Release|x86.ActiveCfg = Release|Win32
		{191926C7-BED8-4786-9C8A-A9190F07BB7B}.Release|x86.Build.0 = Release|Win32
		{9B8DB5B0-F4A3-4C6B-9852-EAFB197AA21E}.Debug|x64.ActiveCfg = Debug|x64
		{9B8DB5B0-F4A3-4C6B-9852-EAFB197AA21E}.Debug|x64.Build.0 = Debug|x64
		{9B8DB5B0-F4A3-4C6B-9852-EAFB197AA21E}.Debug|x86.ActiveCfg = Debug|Win32
		{9B8DB5B0-F4A3-4C6B-9852-EAFB197AA21E}.Debug|x86.Build.0 = Debug|Win32
		{9B8DB5B0-F4A3-4C6B-9852-EAFB197AA21E}.Release|x64.ActiveCfg = Release|x64
		{9B8DB5B0-F4A3-4C6B-9852-EAFB197AA21E}.Release|x64.Build.0 = Release|x64
		{9B8DB5B0-F4A3-4C6B-9852-EAFB197AA21E}.Release|x86.ActiveCfg = Release|Win32
		{9B8DB5B0-F4A3-4C6B-9852-EAFB197AA21E}.Release|x86.Build.0 = Release|Win32
		{EFFD23A1-DF9A-4CB2-8A47-522C5AC35CBE}.Debug|x64.ActiveCfg = Debug|x64
		{EFFD23A1-DF9A-4CB2-8A47-522C5AC35CBE}.Debug|x64.Build.0 = Debug|x64
		{EFFD23A1-DF9A-4CB2-8A47-522C5AC35CBE}.Debug|x86.ActiveCfg = Debug|Win32
		{EFFD23A1-DF9A-4CB2-8A47-522C5AC35CBE}.Debug|x86.Build.0 = Debug|Win32
		{EFFD23A1-DF9A-4CB2-8A47-522C5AC35CBE}.Release|x64.ActiveCfg = Release|x64
		{EFFD23A1-DF9A-4CB2-8A47-522C5AC35CBE}.Release|x64.Build.0 = Release|x64
		{EFFD23A1-DF9A-4CB2-8A47-522C5AC35CBE}.Release|x86.ActiveCfg = Release|Win32
		{EFFD23A1-DF9A-4CB2-8A47-522C5AC35CBE}.Release|x86.Build.0 = Release|Win32
		{8AD554D8-47BE-42BD-B51A-49B179564528}.Debug|x64.ActiveCfg = Debug|x64
		{8AD554D8-47BE-42BD-B51A-49B179564528}.Debug|x64.Build.0 = Debug|x64
		{8AD554D8-47BE-42BD-B51A-49B179564528}.Debug|x86.ActiveCfg = Debug|Win32
		{8AD554D8-47BE-42BD-B51A-49B179564528}.Debug|x86.Build.0 = Debug|Win32
		{8AD554D8-47BE-42BD-B51A-49B179564528}.Release|x64.ActiveCfg = Release|x64
		{8AD554D8-47BE-42BD-B51A-49B179564528}.Release|x64.Build.0 = Release|x64
		{8AD554D8-47BE-42BD-B51A-49B179564528}.Release|x86.ActiveCfg = Release|Win32
		{8AD554D8-47BE-42BD-B51A-49B179564528}.Release|x86.Build.0 = Release|Win32
		{7D310E78-9151-41C6-B8CC-2449A2813505}.Debug|x64.ActiveCfg = Debug|x64
		{7D310E78-9151-41C6-B8CC-2449A2813505}.Debug|x64.Build.0 = Debug|x64
		{7D310E78-9151-41C6-B8CC-2449A2813505}.Debug|x86.ActiveCfg = Debug|Win32
		{7D310E78-9151-41C6-B8CC-2449A2813505}.Debug|x86.Build.0 = Debug|Win32
		{7D310E78-9151-41C6-B8CC-2449A2813505}.Release|x64.ActiveCfg = Release|x64
		{7D310E78-9151-41C6-B8CC-2449A2813505}.Release|x64.Build.0 = Release|x64
		{7D310E78-9151-41C6-B8CC-2449A2813505}.Release|x86.ActiveCfg = Release|Win32
		{7D310E78-9151-41C6-B8CC-2449A2813505}.Release|x86.Build.0 = Release|Win32
		{4E86C1BF-CB7D-440C-A53F-324B94D52C39}.Debug|x64.ActiveCfg = Debug|x64
		{4E86C1BF-CB7D-440C-A53F-324B94D52C39}.Debug|x64.Build.0 = Debug|x64
		{4E86C1BF-CB7D-440C-A53F-324B94D52C39}.Debug|x86.ActiveCfg = Debug|Win32
		{4E86C1BF-CB7D-440C-A53F-324B94D52C39}.Debug|x86.Build.0 = Debug|Win32
		{4E86C1BF-CB7D-440C-A53F-324B94D52C39}.Release|x64.ActiveCfg = Release|x64
		{4E86C1BF-CB7D-440C-A53F-324B94D52C39}.Release|x64.Build.0 = Release|x64
		{4E86C1BF-CB7D-440C-A53F-324B94D52C39}.Release|x86.ActiveCfg = Release|Win32
		{4E86C1BF-CB7D-440C-A53F-324B94D52C39}.Release|x86.Build.0 = Release|Win32
		{720A1F54-6974-4C85-AC15-8D250E86AB8C}.Debug|x64.ActiveCfg = Debug|x64
		{720A1F54-6974-4C85-AC15-8D250E86AB8C}.Debug|x64.Build.0 = Debug|x64
		{720A1F54-6974-4C85-AC15-8D250E86AB8C}.Debug|x86.ActiveCfg = Debug|Win32
		{720A1F54-6974-4C85-AC15-8D250E86AB8C}.Debug|x86.Build.0 = Debug|Win32
		{720A1F54-6974-4C85-AC15-8D250E86AB8C}.Release|x64.ActiveCfg = Release|x64
		{720A1F54-6974-4C85-AC15-8D250E86AB8C}.Release|x64.Build.0 = Release|x64
		{720A1F54-6974-4C85-AC15-8D250E86AB8C}.Release|x86.ActiveCfg = Release|Win32
		{720A1F54-6974-4C85-AC15-8D250E86AB8C}.Release|x86.Build.0 = Release|Win32
		{AF43AC2B-837D-47F2-A564-DE7FCE60906B}.Debug|x64.ActiveCfg = Debug|x64
		{AF43AC2B-837D-47F2-A564-DE7FCE60906B}.Debug|x64.Build.0 = Debug|x64
		{AF43AC2B-837D-47F2-A564-DE7FCE60906B}.Debug|x86.ActiveCfg = Debug|Win32
		{AF43AC2B-837D-47F2-A564-DE7FCE60906B}.Debug|x86.Build.0 = Debug|Win32
		{AF43AC2B-837D-47F2-A564-DE7FCE60906B}.Release|x64.ActiveCfg = Release|x64
		{AF43AC2B-837D-47F2-A564-DE7FCE60906B}.Release|x64.Build.0 = Release|x64
		{AF43AC2B-837D-47F2-A564-DE7FCE60906B}.Release|x86.ActiveCfg = Release|Win32
		{AF43AC2B-837D-47F2-A564-DE7FCE60906B}.Release|x86.Build.0 = Release|Win32
		{8E3EDA43-7719-4617-AF02-58ABE6ED3DD1}.Debug|x64.ActiveCfg = Debug|x64
		{8E3EDA43-7719-4617-AF02-58ABE6ED3DD1}.Debug|x64.Build.0 = Debug|x64
		{8E3EDA43-7719-4617-AF02-58ABE6ED3DD1}.Debug|x86.ActiveCfg = Debug|Win32
		{8E3EDA43-7719-4617-AF02-58ABE6ED3DD1}.Debug|x86.Build.0 = Debug|Win32
		{8E3EDA43-7719-4617-AF02-58ABE6ED3DD1}.Release|x64.ActiveCfg = Release|x64
		{8E3EDA43-7719-4617-AF02-58ABE6ED3DD1}.Release|x64.Build.0 = Release|x64
		{8E3EDA43-7719-4617-AF02-58ABE6ED3DD1}.Release|x86.ActiveCfg = Release|Win32
		{8E3EDA43-7719-4617-AF02-58ABE6ED3DD1}.Release|x86.Build.0 = Release|Win32
		{2C8A7E4F-0E5D-4C71-A048-A6677DF32912}.Debug|x64.ActiveCfg = Debug|x64
		{2C8A7E4F-0E5D-4C71-A048-A6677DF32912}.Debug|x64.Build.0 = Debug|x64
		{2C8A7E4F-0E5D-4C71-A048-A6677DF32912}.Debug|x86.ActiveCfg = Debug|Win32
		{2C8A7E4F-0E5D-4C71-A048-A6677DF32912}.Debug|x86.Build.0 = Debug|Win32
		{2C8A7E4F-0E5D-4C71-A048-A6677DF32912}.Release|x64.ActiveCfg = Release|x64
		{2C8A7E4F-0E5D-4C71-A048-A6677DF32912}.Release|x64.Build.0 = Release|x64
		{2C8A7E4F-0E5D-4C71-A048-A6677DF32912}.Release|x86.ActiveCfg = Release|Win32
		{2C8A7E4F-0E5D-4C71-A048-A6677DF32912}.Release|x86.Build.0 = Release|Win32
	EndGlobalSection
	GlobalSection(SolutionProperties) = preSolution
		HideSolutionNode = FALSE
	EndGlobalSection
	GlobalSection(ExtensibilityGlobals) = postSolution
		SolutionGuid = {86391DB4-460D-4A38-A720-A92674B7F650}
	EndGlobalSection
EndGlobal
